// !$*UTF8*$!
{
	archiveVersion = 1;
	classes = {
	};
	objectVersion = 56;
	objects = {

/* Begin PBXBuildFile section */
		D08157382AF2104D00F93850 /* Common.swift in Sources */ = {isa = PBXBuildFile; fileRef = D08157372AF2104D00F93850 /* Common.swift */; };
		D081573A2AF2127C00F93850 /* SidebarParser.swift in Sources */ = {isa = PBXBuildFile; fileRef = D08157392AF2127C00F93850 /* SidebarParser.swift */; };
		D08547D82AF0AD3300B83E40 /* FilePresenter.swift in Sources */ = {isa = PBXBuildFile; fileRef = D08547D72AF0AD3300B83E40 /* FilePresenter.swift */; };
		D08547DA2AF0BAFE00B83E40 /* MenuBarView.swift in Sources */ = {isa = PBXBuildFile; fileRef = D08547D92AF0BAFE00B83E40 /* MenuBarView.swift */; };
		D08547DC2AF10EE200B83E40 /* Errors.swift in Sources */ = {isa = PBXBuildFile; fileRef = D08547DB2AF10EE200B83E40 /* Errors.swift */; };
		D08547DE2AF1270600B83E40 /* SidebarStore.swift in Sources */ = {isa = PBXBuildFile; fileRef = D08547DD2AF1270600B83E40 /* SidebarStore.swift */; };
		D08547E12AF12BF400B83E40 /* SwiftyJSON in Frameworks */ = {isa = PBXBuildFile; productRef = D08547E02AF12BF400B83E40 /* SwiftyJSON */; };
		D08547E42AF133AE00B83E40 /* Connection.swift in Sources */ = {isa = PBXBuildFile; fileRef = D08547E32AF133AE00B83E40 /* Connection.swift */; };
		D08547E62AF1348400B83E40 /* Sidebar.swift in Sources */ = {isa = PBXBuildFile; fileRef = D08547E52AF1348400B83E40 /* Sidebar.swift */; };
		D0F4482F2AED3EFC00F7E7D5 /* ArcBlogApp.swift in Sources */ = {isa = PBXBuildFile; fileRef = D0F4482E2AED3EFC00F7E7D5 /* ArcBlogApp.swift */; };
		D0F448312AED3EFC00F7E7D5 /* SettingsView.swift in Sources */ = {isa = PBXBuildFile; fileRef = D0F448302AED3EFC00F7E7D5 /* SettingsView.swift */; };
		D0F448332AED3EFC00F7E7D5 /* Assets.xcassets in Resources */ = {isa = PBXBuildFile; fileRef = D0F448322AED3EFC00F7E7D5 /* Assets.xcassets */; };
		D0F448362AED3EFC00F7E7D5 /* Preview Assets.xcassets in Resources */ = {isa = PBXBuildFile; fileRef = D0F448352AED3EFC00F7E7D5 /* Preview Assets.xcassets */; };
		D0F448402AEE109A00F7E7D5 /* ConnectionStore.swift in Sources */ = {isa = PBXBuildFile; fileRef = D0F4483F2AEE109A00F7E7D5 /* ConnectionStore.swift */; };
/* End PBXBuildFile section */

/* Begin PBXFileReference section */
		D08157372AF2104D00F93850 /* Common.swift */ = {isa = PBXFileReference; lastKnownFileType = sourcecode.swift; path = Common.swift; sourceTree = "<group>"; };
		D08157392AF2127C00F93850 /* SidebarParser.swift */ = {isa = PBXFileReference; lastKnownFileType = sourcecode.swift; path = SidebarParser.swift; sourceTree = "<group>"; };
		D08547D72AF0AD3300B83E40 /* FilePresenter.swift */ = {isa = PBXFileReference; lastKnownFileType = sourcecode.swift; path = FilePresenter.swift; sourceTree = "<group>"; };
		D08547D92AF0BAFE00B83E40 /* MenuBarView.swift */ = {isa = PBXFileReference; lastKnownFileType = sourcecode.swift; path = MenuBarView.swift; sourceTree = "<group>"; };
		D08547DB2AF10EE200B83E40 /* Errors.swift */ = {isa = PBXFileReference; lastKnownFileType = sourcecode.swift; path = Errors.swift; sourceTree = "<group>"; };
		D08547DD2AF1270600B83E40 /* SidebarStore.swift */ = {isa = PBXFileReference; lastKnownFileType = sourcecode.swift; path = SidebarStore.swift; sourceTree = "<group>"; };
		D08547E32AF133AE00B83E40 /* Connection.swift */ = {isa = PBXFileReference; lastKnownFileType = sourcecode.swift; path = Connection.swift; sourceTree = "<group>"; };
		D08547E52AF1348400B83E40 /* Sidebar.swift */ = {isa = PBXFileReference; lastKnownFileType = sourcecode.swift; path = Sidebar.swift; sourceTree = "<group>"; };
		D0F4482B2AED3EFC00F7E7D5 /* ArcBlog.app */ = {isa = PBXFileReference; explicitFileType = wrapper.application; includeInIndex = 0; path = ArcBlog.app; sourceTree = BUILT_PRODUCTS_DIR; };
		D0F4482E2AED3EFC00F7E7D5 /* ArcBlogApp.swift */ = {isa = PBXFileReference; lastKnownFileType = sourcecode.swift; path = ArcBlogApp.swift; sourceTree = "<group>"; };
		D0F448302AED3EFC00F7E7D5 /* SettingsView.swift */ = {isa = PBXFileReference; lastKnownFileType = sourcecode.swift; path = SettingsView.swift; sourceTree = "<group>"; };
		D0F448322AED3EFC00F7E7D5 /* Assets.xcassets */ = {isa = PBXFileReference; lastKnownFileType = folder.assetcatalog; path = Assets.xcassets; sourceTree = "<group>"; };
		D0F448352AED3EFC00F7E7D5 /* Preview Assets.xcassets */ = {isa = PBXFileReference; lastKnownFileType = folder.assetcatalog; path = "Preview Assets.xcassets"; sourceTree = "<group>"; };
		D0F448372AED3EFC00F7E7D5 /* ArcBlog.entitlements */ = {isa = PBXFileReference; lastKnownFileType = text.plist.entitlements; path = ArcBlog.entitlements; sourceTree = "<group>"; };
		D0F4483D2AED425100F7E7D5 /* Info.plist */ = {isa = PBXFileReference; lastKnownFileType = text.plist; path = Info.plist; sourceTree = "<group>"; };
		D0F4483F2AEE109A00F7E7D5 /* ConnectionStore.swift */ = {isa = PBXFileReference; lastKnownFileType = sourcecode.swift; path = ConnectionStore.swift; sourceTree = "<group>"; };
/* End PBXFileReference section */

/* Begin PBXFrameworksBuildPhase section */
		D0F448282AED3EFC00F7E7D5 /* Frameworks */ = {
			isa = PBXFrameworksBuildPhase;
			buildActionMask = 2147483647;
			files = (
				D08547E12AF12BF400B83E40 /* SwiftyJSON in Frameworks */,
			);
			runOnlyForDeploymentPostprocessing = 0;
		};
/* End PBXFrameworksBuildPhase section */

/* Begin PBXGroup section */
		D08547D62AF0AD1D00B83E40 /* Helpers */ = {
			isa = PBXGroup;
			children = (
				D08157372AF2104D00F93850 /* Common.swift */,
				D08547D72AF0AD3300B83E40 /* FilePresenter.swift */,
				D08157392AF2127C00F93850 /* SidebarParser.swift */,
				D08547DB2AF10EE200B83E40 /* Errors.swift */,
			);
			path = Helpers;
			sourceTree = "<group>";
		};
		D08547E22AF1339E00B83E40 /* Types */ = {
			isa = PBXGroup;
			children = (
				D08547E32AF133AE00B83E40 /* Connection.swift */,
				D08547E52AF1348400B83E40 /* Sidebar.swift */,
			);
			path = Types;
			sourceTree = "<group>";
		};
		D0F448222AED3EFC00F7E7D5 = {
			isa = PBXGroup;
			children = (
				D0F4482D2AED3EFC00F7E7D5 /* ArcBlog */,
				D0F4482C2AED3EFC00F7E7D5 /* Products */,
			);
			sourceTree = "<group>";
		};
		D0F4482C2AED3EFC00F7E7D5 /* Products */ = {
			isa = PBXGroup;
			children = (
				D0F4482B2AED3EFC00F7E7D5 /* ArcBlog.app */,
			);
			name = Products;
			sourceTree = "<group>";
		};
		D0F4482D2AED3EFC00F7E7D5 /* ArcBlog */ = {
			isa = PBXGroup;
			children = (
				D0F4483D2AED425100F7E7D5 /* Info.plist */,
				D0F4482E2AED3EFC00F7E7D5 /* ArcBlogApp.swift */,
				D0F448412AEEA70F00F7E7D5 /* Views */,
				D0F4483E2AEE106400F7E7D5 /* Models */,
				D08547D62AF0AD1D00B83E40 /* Helpers */,
				D08547E22AF1339E00B83E40 /* Types */,
				D0F448322AED3EFC00F7E7D5 /* Assets.xcassets */,
				D0F448372AED3EFC00F7E7D5 /* ArcBlog.entitlements */,
				D0F448342AED3EFC00F7E7D5 /* Preview Content */,
			);
			path = ArcBlog;
			sourceTree = "<group>";
		};
		D0F448342AED3EFC00F7E7D5 /* Preview Content */ = {
			isa = PBXGroup;
			children = (
				D0F448352AED3EFC00F7E7D5 /* Preview Assets.xcassets */,
			);
			path = "Preview Content";
			sourceTree = "<group>";
		};
		D0F4483E2AEE106400F7E7D5 /* Models */ = {
			isa = PBXGroup;
			children = (
				D0F4483F2AEE109A00F7E7D5 /* ConnectionStore.swift */,
				D08547DD2AF1270600B83E40 /* SidebarStore.swift */,
			);
			path = Models;
			sourceTree = "<group>";
		};
		D0F448412AEEA70F00F7E7D5 /* Views */ = {
			isa = PBXGroup;
			children = (
				D0F448302AED3EFC00F7E7D5 /* SettingsView.swift */,
				D08547D92AF0BAFE00B83E40 /* MenuBarView.swift */,
			);
			path = Views;
			sourceTree = "<group>";
		};
/* End PBXGroup section */

/* Begin PBXNativeTarget section */
		D0F4482A2AED3EFC00F7E7D5 /* ArcBlog */ = {
			isa = PBXNativeTarget;
			buildConfigurationList = D0F4483A2AED3EFC00F7E7D5 /* Build configuration list for PBXNativeTarget "ArcBlog" */;
			buildPhases = (
				D0F448272AED3EFC00F7E7D5 /* Sources */,
				D0F448282AED3EFC00F7E7D5 /* Frameworks */,
				D0F448292AED3EFC00F7E7D5 /* Resources */,
			);
			buildRules = (
			);
			dependencies = (
			);
			name = ArcBlog;
			packageProductDependencies = (
				D08547E02AF12BF400B83E40 /* SwiftyJSON */,
			);
			productName = ArcBlog;
			productReference = D0F4482B2AED3EFC00F7E7D5 /* ArcBlog.app */;
			productType = "com.apple.product-type.application";
		};
/* End PBXNativeTarget section */

/* Begin PBXProject section */
		D0F448232AED3EFC00F7E7D5 /* Project object */ = {
			isa = PBXProject;
			attributes = {
				BuildIndependentTargetsInParallel = 1;
				LastSwiftUpdateCheck = 1430;
				LastUpgradeCheck = 1430;
				TargetAttributes = {
					D0F4482A2AED3EFC00F7E7D5 = {
						CreatedOnToolsVersion = 14.3.1;
					};
				};
			};
			buildConfigurationList = D0F448262AED3EFC00F7E7D5 /* Build configuration list for PBXProject "ArcBlog" */;
			compatibilityVersion = "Xcode 14.0";
			developmentRegion = en;
			hasScannedForEncodings = 0;
			knownRegions = (
				en,
				Base,
			);
			mainGroup = D0F448222AED3EFC00F7E7D5;
			packageReferences = (
				D08547DF2AF12BF400B83E40 /* XCRemoteSwiftPackageReference "SwiftyJSON" */,
			);
			productRefGroup = D0F4482C2AED3EFC00F7E7D5 /* Products */;
			projectDirPath = "";
			projectRoot = "";
			targets = (
				D0F4482A2AED3EFC00F7E7D5 /* ArcBlog */,
			);
		};
/* End PBXProject section */

/* Begin PBXResourcesBuildPhase section */
		D0F448292AED3EFC00F7E7D5 /* Resources */ = {
			isa = PBXResourcesBuildPhase;
			buildActionMask = 2147483647;
			files = (
				D0F448362AED3EFC00F7E7D5 /* Preview Assets.xcassets in Resources */,
				D0F448332AED3EFC00F7E7D5 /* Assets.xcassets in Resources */,
			);
			runOnlyForDeploymentPostprocessing = 0;
		};
/* End PBXResourcesBuildPhase section */

/* Begin PBXSourcesBuildPhase section */
		D0F448272AED3EFC00F7E7D5 /* Sources */ = {
			isa = PBXSourcesBuildPhase;
			buildActionMask = 2147483647;
			files = (
				D08547DE2AF1270600B83E40 /* SidebarStore.swift in Sources */,
				D081573A2AF2127C00F93850 /* SidebarParser.swift in Sources */,
				D08547DA2AF0BAFE00B83E40 /* MenuBarView.swift in Sources */,
				D0F448402AEE109A00F7E7D5 /* ConnectionStore.swift in Sources */,
				D0F448312AED3EFC00F7E7D5 /* SettingsView.swift in Sources */,
				D08547D82AF0AD3300B83E40 /* FilePresenter.swift in Sources */,
				D08547DC2AF10EE200B83E40 /* Errors.swift in Sources */,
				D08547E42AF133AE00B83E40 /* Connection.swift in Sources */,
				D08547E62AF1348400B83E40 /* Sidebar.swift in Sources */,
				D08157382AF2104D00F93850 /* Common.swift in Sources */,
				D0F4482F2AED3EFC00F7E7D5 /* ArcBlogApp.swift in Sources */,
			);
			runOnlyForDeploymentPostprocessing = 0;
		};
/* End PBXSourcesBuildPhase section */

/* Begin XCBuildConfiguration section */
		D0F448382AED3EFC00F7E7D5 /* Debug */ = {
			isa = XCBuildConfiguration;
			buildSettings = {
				ALWAYS_SEARCH_USER_PATHS = NO;
				CLANG_ANALYZER_NONNULL = YES;
				CLANG_ANALYZER_NUMBER_OBJECT_CONVERSION = YES_AGGRESSIVE;
				CLANG_CXX_LANGUAGE_STANDARD = "gnu++20";
				CLANG_ENABLE_MODULES = YES;
				CLANG_ENABLE_OBJC_ARC = YES;
				CLANG_ENABLE_OBJC_WEAK = YES;
				CLANG_WARN_BLOCK_CAPTURE_AUTORELEASING = YES;
				CLANG_WARN_BOOL_CONVERSION = YES;
				CLANG_WARN_COMMA = YES;
				CLANG_WARN_CONSTANT_CONVERSION = YES;
				CLANG_WARN_DEPRECATED_OBJC_IMPLEMENTATIONS = YES;
				CLANG_WARN_DIRECT_OBJC_ISA_USAGE = YES_ERROR;
				CLANG_WARN_DOCUMENTATION_COMMENTS = YES;
				CLANG_WARN_EMPTY_BODY = YES;
				CLANG_WARN_ENUM_CONVERSION = YES;
				CLANG_WARN_INFINITE_RECURSION = YES;
				CLANG_WARN_INT_CONVERSION = YES;
				CLANG_WARN_NON_LITERAL_NULL_CONVERSION = YES;
				CLANG_WARN_OBJC_IMPLICIT_RETAIN_SELF = YES;
				CLANG_WARN_OBJC_LITERAL_CONVERSION = YES;
				CLANG_WARN_OBJC_ROOT_CLASS = YES_ERROR;
				CLANG_WARN_QUOTED_INCLUDE_IN_FRAMEWORK_HEADER = YES;
				CLANG_WARN_RANGE_LOOP_ANALYSIS = YES;
				CLANG_WARN_STRICT_PROTOTYPES = YES;
				CLANG_WARN_SUSPICIOUS_MOVE = YES;
				CLANG_WARN_UNGUARDED_AVAILABILITY = YES_AGGRESSIVE;
				CLANG_WARN_UNREACHABLE_CODE = YES;
				CLANG_WARN__DUPLICATE_METHOD_MATCH = YES;
				COPY_PHASE_STRIP = NO;
				DEBUG_INFORMATION_FORMAT = dwarf;
				ENABLE_STRICT_OBJC_MSGSEND = YES;
				ENABLE_TESTABILITY = YES;
				GCC_C_LANGUAGE_STANDARD = gnu11;
				GCC_DYNAMIC_NO_PIC = NO;
				GCC_NO_COMMON_BLOCKS = YES;
				GCC_OPTIMIZATION_LEVEL = 0;
				GCC_PREPROCESSOR_DEFINITIONS = (
					"DEBUG=1",
					"$(inherited)",
				);
				GCC_WARN_64_TO_32_BIT_CONVERSION = YES;
				GCC_WARN_ABOUT_RETURN_TYPE = YES_ERROR;
				GCC_WARN_UNDECLARED_SELECTOR = YES;
				GCC_WARN_UNINITIALIZED_AUTOS = YES_AGGRESSIVE;
				GCC_WARN_UNUSED_FUNCTION = YES;
				GCC_WARN_UNUSED_VARIABLE = YES;
				MACOSX_DEPLOYMENT_TARGET = 13.2;
				MTL_ENABLE_DEBUG_INFO = INCLUDE_SOURCE;
				MTL_FAST_MATH = YES;
				ONLY_ACTIVE_ARCH = YES;
				SDKROOT = macosx;
				SWIFT_ACTIVE_COMPILATION_CONDITIONS = DEBUG;
				SWIFT_OPTIMIZATION_LEVEL = "-Onone";
			};
			name = Debug;
		};
		D0F448392AED3EFC00F7E7D5 /* Release */ = {
			isa = XCBuildConfiguration;
			buildSettings = {
				ALWAYS_SEARCH_USER_PATHS = NO;
				CLANG_ANALYZER_NONNULL = YES;
				CLANG_ANALYZER_NUMBER_OBJECT_CONVERSION = YES_AGGRESSIVE;
				CLANG_CXX_LANGUAGE_STANDARD = "gnu++20";
				CLANG_ENABLE_MODULES = YES;
				CLANG_ENABLE_OBJC_ARC = YES;
				CLANG_ENABLE_OBJC_WEAK = YES;
				CLANG_WARN_BLOCK_CAPTURE_AUTORELEASING = YES;
				CLANG_WARN_BOOL_CONVERSION = YES;
				CLANG_WARN_COMMA = YES;
				CLANG_WARN_CONSTANT_CONVERSION = YES;
				CLANG_WARN_DEPRECATED_OBJC_IMPLEMENTATIONS = YES;
				CLANG_WARN_DIRECT_OBJC_ISA_USAGE = YES_ERROR;
				CLANG_WARN_DOCUMENTATION_COMMENTS = YES;
				CLANG_WARN_EMPTY_BODY = YES;
				CLANG_WARN_ENUM_CONVERSION = YES;
				CLANG_WARN_INFINITE_RECURSION = YES;
				CLANG_WARN_INT_CONVERSION = YES;
				CLANG_WARN_NON_LITERAL_NULL_CONVERSION = YES;
				CLANG_WARN_OBJC_IMPLICIT_RETAIN_SELF = YES;
				CLANG_WARN_OBJC_LITERAL_CONVERSION = YES;
				CLANG_WARN_OBJC_ROOT_CLASS = YES_ERROR;
				CLANG_WARN_QUOTED_INCLUDE_IN_FRAMEWORK_HEADER = YES;
				CLANG_WARN_RANGE_LOOP_ANALYSIS = YES;
				CLANG_WARN_STRICT_PROTOTYPES = YES;
				CLANG_WARN_SUSPICIOUS_MOVE = YES;
				CLANG_WARN_UNGUARDED_AVAILABILITY = YES_AGGRESSIVE;
				CLANG_WARN_UNREACHABLE_CODE = YES;
				CLANG_WARN__DUPLICATE_METHOD_MATCH = YES;
				COPY_PHASE_STRIP = NO;
				DEBUG_INFORMATION_FORMAT = "dwarf-with-dsym";
				ENABLE_NS_ASSERTIONS = NO;
				ENABLE_STRICT_OBJC_MSGSEND = YES;
				GCC_C_LANGUAGE_STANDARD = gnu11;
				GCC_NO_COMMON_BLOCKS = YES;
				GCC_WARN_64_TO_32_BIT_CONVERSION = YES;
				GCC_WARN_ABOUT_RETURN_TYPE = YES_ERROR;
				GCC_WARN_UNDECLARED_SELECTOR = YES;
				GCC_WARN_UNINITIALIZED_AUTOS = YES_AGGRESSIVE;
				GCC_WARN_UNUSED_FUNCTION = YES;
				GCC_WARN_UNUSED_VARIABLE = YES;
				MACOSX_DEPLOYMENT_TARGET = 13.2;
				MTL_ENABLE_DEBUG_INFO = NO;
				MTL_FAST_MATH = YES;
				SDKROOT = macosx;
				SWIFT_COMPILATION_MODE = wholemodule;
				SWIFT_OPTIMIZATION_LEVEL = "-O";
			};
			name = Release;
		};
		D0F4483B2AED3EFC00F7E7D5 /* Debug */ = {
			isa = XCBuildConfiguration;
			buildSettings = {
				ASSETCATALOG_COMPILER_APPICON_NAME = AppIcon;
				ASSETCATALOG_COMPILER_GLOBAL_ACCENT_COLOR_NAME = AccentColor;
				CODE_SIGN_ENTITLEMENTS = ArcBlog/ArcBlog.entitlements;
				CODE_SIGN_STYLE = Automatic;
				COMBINE_HIDPI_IMAGES = YES;
				CURRENT_PROJECT_VERSION = 1;
				DEVELOPMENT_ASSET_PATHS = "\"ArcBlog/Preview Content\"";
				ENABLE_PREVIEWS = YES;
				FRAMEWORK_SEARCH_PATHS = "";
				GENERATE_INFOPLIST_FILE = YES;
				HEADER_SEARCH_PATHS = "";
				INFOPLIST_FILE = ArcBlog/Info.plist;
				INFOPLIST_KEY_LSUIElement = YES;
				INFOPLIST_KEY_NSHumanReadableCopyright = "";
				LD_RUNPATH_SEARCH_PATHS = (
					"$(inherited)",
					"@executable_path/../Frameworks",
				);
				LIBRARY_SEARCH_PATHS = "";
				MARKETING_VERSION = 1.0;
				PRODUCT_BUNDLE_IDENTIFIER = io.haskel.ArcBlog;
				PRODUCT_NAME = "$(TARGET_NAME)";
				SWIFT_EMIT_LOC_STRINGS = YES;
				SWIFT_VERSION = 5.0;
			};
			name = Debug;
		};
		D0F4483C2AED3EFC00F7E7D5 /* Release */ = {
			isa = XCBuildConfiguration;
			buildSettings = {
				ASSETCATALOG_COMPILER_APPICON_NAME = AppIcon;
				ASSETCATALOG_COMPILER_GLOBAL_ACCENT_COLOR_NAME = AccentColor;
				CODE_SIGN_ENTITLEMENTS = ArcBlog/ArcBlog.entitlements;
				CODE_SIGN_STYLE = Automatic;
				COMBINE_HIDPI_IMAGES = YES;
				CURRENT_PROJECT_VERSION = 1;
				DEVELOPMENT_ASSET_PATHS = "\"ArcBlog/Preview Content\"";
				ENABLE_PREVIEWS = YES;
				FRAMEWORK_SEARCH_PATHS = "";
				GENERATE_INFOPLIST_FILE = YES;
				HEADER_SEARCH_PATHS = "";
				INFOPLIST_FILE = ArcBlog/Info.plist;
				INFOPLIST_KEY_LSUIElement = YES;
				INFOPLIST_KEY_NSHumanReadableCopyright = "";
				LD_RUNPATH_SEARCH_PATHS = (
					"$(inherited)",
					"@executable_path/../Frameworks",
				);
				LIBRARY_SEARCH_PATHS = "";
				MARKETING_VERSION = 1.0;
				PRODUCT_BUNDLE_IDENTIFIER = io.haskel.ArcBlog;
				PRODUCT_NAME = "$(TARGET_NAME)";
				SWIFT_EMIT_LOC_STRINGS = YES;
				SWIFT_VERSION = 5.0;
			};
			name = Release;
		};
/* End XCBuildConfiguration section */

/* Begin XCConfigurationList section */
		D0F448262AED3EFC00F7E7D5 /* Build configuration list for PBXProject "ArcBlog" */ = {
			isa = XCConfigurationList;
			buildConfigurations = (
				D0F448382AED3EFC00F7E7D5 /* Debug */,
				D0F448392AED3EFC00F7E7D5 /* Release */,
			);
			defaultConfigurationIsVisible = 0;
			defaultConfigurationName = Release;
		};
		D0F4483A2AED3EFC00F7E7D5 /* Build configuration list for PBXNativeTarget "ArcBlog" */ = {
			isa = XCConfigurationList;
			buildConfigurations = (
				D0F4483B2AED3EFC00F7E7D5 /* Debug */,
				D0F4483C2AED3EFC00F7E7D5 /* Release */,
			);
			defaultConfigurationIsVisible = 0;
			defaultConfigurationName = Release;
		};
/* End XCConfigurationList section */

/* Begin XCRemoteSwiftPackageReference section */
		D08547DF2AF12BF400B83E40 /* XCRemoteSwiftPackageReference "SwiftyJSON" */ = {
			isa = XCRemoteSwiftPackageReference;
			repositoryURL = "https://github.com/SwiftyJSON/SwiftyJSON.git";
			requirement = {
				kind = upToNextMajorVersion;
				minimumVersion = 5.0.0;
			};
		};
/* End XCRemoteSwiftPackageReference section */

/* Begin XCSwiftPackageProductDependency section */
		D08547E02AF12BF400B83E40 /* SwiftyJSON */ = {
			isa = XCSwiftPackageProductDependency;
			package = D08547DF2AF12BF400B83E40 /* XCRemoteSwiftPackageReference "SwiftyJSON" */;
			productName = SwiftyJSON;
		};
/* End XCSwiftPackageProductDependency section */
	};
	rootObject = D0F448232AED3EFC00F7E7D5 /* Project object */;
}
